
Microsoft Visual Studio Solution File, Format Version 12.00
# Visual Studio Version 16
VisualStudioVersion = 16.0.30413.136
MinimumVisualStudioVersion = 10.0.40219.1
Project("{FAE04EC0-301F-11D3-BF4B-00C04F79EFBC}") = "Sayisal_Loto_Uygulamasi", "Sayisal_Loto_Uygulamasi.csproj", "{D660EAA4-CF49-477E-A040-1F3A93BA8D78}"
EndProject
Global
	GlobalSection(SolutionConfigurationPlatforms) = preSolution
		Debug|Any CPU = Debug|Any CPU
		Release|Any CPU = Release|Any CPU
	EndGlobalSection
	GlobalSection(ProjectConfigurationPlatforms) = postSolution
		{D660EAA4-CF49-477E-A040-1F3A93BA8D78}.Debug|Any CPU.ActiveCfg = Debug|Any CPU
		{D660EAA4-CF49-477E-A040-1F3A93BA8D78}.Debug|Any CPU.Build.0 = Debug|Any CPU
		{D660EAA4-CF49-477E-A040-1F3A93BA8D78}.Release|Any CPU.ActiveCfg = Release|Any CPU
		{D660EAA4-CF49-477E-A040-1F3A93BA8D78}.Release|Any CPU.Build.0 = Release|Any CPU
	EndGlobalSection
	GlobalSection(SolutionProperties) = preSolution
		HideSolutionNode = FALSE
	EndGlobalSection
	GlobalSection(ExtensibilityGlobals) = postSolution
		SolutionGuid = {4E64EBFA-245A-46EE-9D97-291697656BA3}
	EndGlobalSection
EndGlobal
